
Microsoft Visual Studio Solution File, Format Version 12.00
# Visual Studio Version 17
VisualStudioVersion = 17.13.35825.156
MinimumVisualStudioVersion = 10.0.40219.1
Project("{FAE04EC0-301F-11D3-BF4B-00C04F79EFBC}") = "MultipartDownloader.Test", "MultipartDownloader.Test\MultipartDownloader.Test.csproj", "{5E8FF3BA-B4C9-420B-BFFD-2C8679F8B7DC}"
EndProject
Project("{FAE04EC0-301F-11D3-BF4B-00C04F79EFBC}") = "MultipartDownloader.Core", "MultipartDownloader.Core\MultipartDownloader.Core.csproj", "{EA703099-B437-40DD-858E-0702AAACB03B}"
EndProject
Project("{FAE04EC0-301F-11D3-BF4B-00C04F79EFBC}") = "MultipartDownloader.Tests", "MultipartDownloader.Tests\MultipartDownloader.Tests.csproj", "{807F5587-3F08-4EAE-BBD2-F314A2731982}"
EndProject
Global
	GlobalSection(SolutionConfigurationPlatforms) = preSolution
		Debug|Any CPU = Debug|Any CPU
		Release|Any CPU = Release|Any CPU
	EndGlobalSection
	GlobalSection(ProjectConfigurationPlatforms) = postSolution
		{5E8FF3BA-B4C9-420B-BFFD-2C8679F8B7DC}.Debug|Any CPU.ActiveCfg = Debug|Any CPU
		{5E8FF3BA-B4C9-420B-BFFD-2C8679F8B7DC}.Debug|Any CPU.Build.0 = Debug|Any CPU
		{5E8FF3BA-B4C9-420B-BFFD-2C8679F8B7DC}.Release|Any CPU.ActiveCfg = Release|Any CPU
		{5E8FF3BA-B4C9-420B-BFFD-2C8679F8B7DC}.Release|Any CPU.Build.0 = Release|Any CPU
		{EA703099-B437-40DD-858E-0702AAACB03B}.Debug|Any CPU.ActiveCfg = Debug|Any CPU
		{EA703099-B437-40DD-858E-0702AAACB03B}.Debug|Any CPU.Build.0 = Debug|Any CPU
		{EA703099-B437-40DD-858E-0702AAACB03B}.Release|Any CPU.ActiveCfg = Release|Any CPU
		{EA703099-B437-40DD-858E-0702AAACB03B}.Release|Any CPU.Build.0 = Release|Any CPU
		{807F5587-3F08-4EAE-BBD2-F314A2731982}.Debug|Any CPU.ActiveCfg = Debug|Any CPU
		{807F5587-3F08-4EAE-BBD2-F314A2731982}.Debug|Any CPU.Build.0 = Debug|Any CPU
		{807F5587-3F08-4EAE-BBD2-F314A2731982}.Release|Any CPU.ActiveCfg = Release|Any CPU
		{807F5587-3F08-4EAE-BBD2-F314A2731982}.Release|Any CPU.Build.0 = Release|Any CPU
	EndGlobalSection
	GlobalSection(SolutionProperties) = preSolution
		HideSolutionNode = FALSE
	EndGlobalSection
	GlobalSection(ExtensibilityGlobals) = postSolution
		SolutionGuid = {6659067A-DE2D-4DF5-A052-F809E85C73A7}
	EndGlobalSection
EndGlobal
